
Microsoft Visual Studio Solution File, Format Version 12.00
# Visual Studio Version 17
VisualStudioVersion = 17.10.35122.118
MinimumVisualStudioVersion = 10.0.40219.1
Project("{9A19103F-16F7-4668-BE54-9A1E7A4F7556}") = "AdventOfCode2024.Day1", "AdventOfCode2024.Day1\AdventOfCode2024.Day1.csproj", "{ECA40E3F-344A-43C5-BDE8-9CB02122ABED}"
EndProject
Project("{9A19103F-16F7-4668-BE54-9A1E7A4F7556}") = "AdventOfCode2024.Day2", "AdventOfCode2024.Day2\AdventOfCode2024.Day2.csproj", "{6805E9A0-E0F6-4411-A114-88BB76B2CC18}"
EndProject
Project("{9A19103F-16F7-4668-BE54-9A1E7A4F7556}") = "AdventOfCode2024.Day3", "AdventOfCode.Day3\AdventOfCode2024.Day3.csproj", "{8C756E49-714B-43E8-BE4A-DC7FD2446FAD}"
EndProject
Project("{9A19103F-16F7-4668-BE54-9A1E7A4F7556}") = "AdventOfCode2024.Day4", "AdventOfCode2024.Day4\AdventOfCode2024.Day4.csproj", "{3FFCF52A-BD02-443F-AB7F-1353798967FA}"
EndProject
Project("{9A19103F-16F7-4668-BE54-9A1E7A4F7556}") = "AdventOfCode2024.Day5", "AdventOfCode2024.Day5\AdventOfCode2024.Day5.csproj", "{BE25A504-7CDC-45E3-BBE4-770A958DABB2}"
EndProject
Project("{9A19103F-16F7-4668-BE54-9A1E7A4F7556}") = "AdventOfCode2024.Day6", "AdventOfCode2024.Day6\AdventOfCode2024.Day6.csproj", "{334E2725-DED6-41E4-9721-E7D56EED9625}"
EndProject
Project("{9A19103F-16F7-4668-BE54-9A1E7A4F7556}") = "AdventOfCode2024.Day7", "AdventOfCode2024.Day7\AdventOfCode2024.Day7.csproj", "{C4425930-98E3-4FC5-91F7-7DBFE4FC6F61}"
EndProject
Project("{9A19103F-16F7-4668-BE54-9A1E7A4F7556}") = "AdventOfCode2024.Day8", "AdventOfCode2024.Day8\AdventOfCode2024.Day8.csproj", "{90DFC40F-7307-49AA-AB55-9877376018F6}"
EndProject
Project("{9A19103F-16F7-4668-BE54-9A1E7A4F7556}") = "AdventOfCode2024.Day9", "AdventOfCode2024.Day9\AdventOfCode2024.Day9.csproj", "{5179C417-2625-4D7C-AF18-9C931ED9333B}"
EndProject
Project("{9A19103F-16F7-4668-BE54-9A1E7A4F7556}") = "AdventOfCode2024.Day10", "AdventOfCode2024.Day10\AdventOfCode2024.Day10.csproj", "{35C1753F-D6B7-4701-90C6-9C4EC4094191}"
EndProject
Project("{9A19103F-16F7-4668-BE54-9A1E7A4F7556}") = "AdventOfCode2024.Day11", "AdventOfCode2024.Day11\AdventOfCode2024.Day11.csproj", "{702306CE-D910-468C-95FD-6E01773801F0}"
EndProject
Project("{9A19103F-16F7-4668-BE54-9A1E7A4F7556}") = "AdventOfCode.Day12", "AdventOfCode.Day12\AdventOfCode.Day12.csproj", "{22A699B9-B07F-4F8E-BFA8-6199E346D7D0}"
EndProject
Project("{9A19103F-16F7-4668-BE54-9A1E7A4F7556}") = "AdventOfCode2024.Day13", "AdventOfCode2024.Day13\AdventOfCode2024.Day13.csproj", "{CDCAD1DD-527A-42A9-B8D0-E3262EB7E0EE}"
EndProject
Project("{9A19103F-16F7-4668-BE54-9A1E7A4F7556}") = "AdventOfCode.Day14", "AdventOfCode.Day14\AdventOfCode.Day14.csproj", "{DCF9486F-7663-488D-B24F-43665A854628}"
EndProject
Project("{9A19103F-16F7-4668-BE54-9A1E7A4F7556}") = "AdventOfCode2024.Day15", "AdventOfCode2024.Day15\AdventOfCode2024.Day15.csproj", "{F5840655-BE55-4BFF-A67F-C7363E0EF5EE}"
EndProject
Project("{9A19103F-16F7-4668-BE54-9A1E7A4F7556}") = "AdventOfCode2024.Day16", "AdventOfCode2024.Day16\AdventOfCode2024.Day16.csproj", "{1CA776E4-5C7B-4A2B-AF1E-524965FDEDB0}"
EndProject
Project("{9A19103F-16F7-4668-BE54-9A1E7A4F7556}") = "AdventOfCode2024.Day17", "AdventOfCode2024.Day17\AdventOfCode2024.Day17.csproj", "{80292229-DDE6-4627-AB29-B00AB838F3C1}"
EndProject
Project("{9A19103F-16F7-4668-BE54-9A1E7A4F7556}") = "AdventOfCode2024.Day18", "AdventOfCode2024.Day18\AdventOfCode2024.Day18.csproj", "{301B7941-14C4-43B9-B83A-1E030F9B8820}"
EndProject
Project("{FAE04EC0-301F-11D3-BF4B-00C04F79EFBC}") = "AdventOfCode2024.Day19", "AdventOfCode2024.Day19\AdventOfCode2024.Day19.csproj", "{EA6926D7-AD95-4BF2-9522-023372C83164}"
EndProject
Project("{FAE04EC0-301F-11D3-BF4B-00C04F79EFBC}") = "AdventOfCode2024.Day20", "AdventOfCode2024.Day20\AdventOfCode2024.Day20.csproj", "{13E8ED2F-8648-4ED0-B2FC-9B59043BCF21}"
EndProject
Global
	GlobalSection(SolutionConfigurationPlatforms) = preSolution
		Debug|Any CPU = Debug|Any CPU
		Release|Any CPU = Release|Any CPU
	EndGlobalSection
	GlobalSection(ProjectConfigurationPlatforms) = postSolution
		{ECA40E3F-344A-43C5-BDE8-9CB02122ABED}.Debug|Any CPU.ActiveCfg = Debug|Any CPU
		{ECA40E3F-344A-43C5-BDE8-9CB02122ABED}.Debug|Any CPU.Build.0 = Debug|Any CPU
		{ECA40E3F-344A-43C5-BDE8-9CB02122ABED}.Release|Any CPU.ActiveCfg = Release|Any CPU
		{ECA40E3F-344A-43C5-BDE8-9CB02122ABED}.Release|Any CPU.Build.0 = Release|Any CPU
		{6805E9A0-E0F6-4411-A114-88BB76B2CC18}.Debug|Any CPU.ActiveCfg = Debug|Any CPU
		{6805E9A0-E0F6-4411-A114-88BB76B2CC18}.Debug|Any CPU.Build.0 = Debug|Any CPU
		{6805E9A0-E0F6-4411-A114-88BB76B2CC18}.Release|Any CPU.ActiveCfg = Release|Any CPU
		{6805E9A0-E0F6-4411-A114-88BB76B2CC18}.Release|Any CPU.Build.0 = Release|Any CPU
		{8C756E49-714B-43E8-BE4A-DC7FD2446FAD}.Debug|Any CPU.ActiveCfg = Debug|Any CPU
		{8C756E49-714B-43E8-BE4A-DC7FD2446FAD}.Debug|Any CPU.Build.0 = Debug|Any CPU
		{8C756E49-714B-43E8-BE4A-DC7FD2446FAD}.Release|Any CPU.ActiveCfg = Release|Any CPU
		{8C756E49-714B-43E8-BE4A-DC7FD2446FAD}.Release|Any CPU.Build.0 = Release|Any CPU
		{3FFCF52A-BD02-443F-AB7F-1353798967FA}.Debug|Any CPU.ActiveCfg = Debug|Any CPU
		{3FFCF52A-BD02-443F-AB7F-1353798967FA}.Debug|Any CPU.Build.0 = Debug|Any CPU
		{3FFCF52A-BD02-443F-AB7F-1353798967FA}.Release|Any CPU.ActiveCfg = Release|Any CPU
		{3FFCF52A-BD02-443F-AB7F-1353798967FA}.Release|Any CPU.Build.0 = Release|Any CPU
		{BE25A504-7CDC-45E3-BBE4-770A958DABB2}.Debug|Any CPU.ActiveCfg = Debug|Any CPU
		{BE25A504-7CDC-45E3-BBE4-770A958DABB2}.Debug|Any CPU.Build.0 = Debug|Any CPU
		{BE25A504-7CDC-45E3-BBE4-770A958DABB2}.Release|Any CPU.ActiveCfg = Release|Any CPU
		{BE25A504-7CDC-45E3-BBE4-770A958DABB2}.Release|Any CPU.Build.0 = Release|Any CPU
		{334E2725-DED6-41E4-9721-E7D56EED9625}.Debug|Any CPU.ActiveCfg = Debug|Any CPU
		{334E2725-DED6-41E4-9721-E7D56EED9625}.Debug|Any CPU.Build.0 = Debug|Any CPU
		{334E2725-DED6-41E4-9721-E7D56EED9625}.Release|Any CPU.ActiveCfg = Release|Any CPU
		{334E2725-DED6-41E4-9721-E7D56EED9625}.Release|Any CPU.Build.0 = Release|Any CPU
		{C4425930-98E3-4FC5-91F7-7DBFE4FC6F61}.Debug|Any CPU.ActiveCfg = Debug|Any CPU
		{C4425930-98E3-4FC5-91F7-7DBFE4FC6F61}.Debug|Any CPU.Build.0 = Debug|Any CPU
		{C4425930-98E3-4FC5-91F7-7DBFE4FC6F61}.Release|Any CPU.ActiveCfg = Release|Any CPU
		{C4425930-98E3-4FC5-91F7-7DBFE4FC6F61}.Release|Any CPU.Build.0 = Release|Any CPU
		{90DFC40F-7307-49AA-AB55-9877376018F6}.Debug|Any CPU.ActiveCfg = Debug|Any CPU
		{90DFC40F-7307-49AA-AB55-9877376018F6}.Debug|Any CPU.Build.0 = Debug|Any CPU
		{90DFC40F-7307-49AA-AB55-9877376018F6}.Release|Any CPU.ActiveCfg = Release|Any CPU
		{90DFC40F-7307-49AA-AB55-9877376018F6}.Release|Any CPU.Build.0 = Release|Any CPU
		{5179C417-2625-4D7C-AF18-9C931ED9333B}.Debug|Any CPU.ActiveCfg = Debug|Any CPU
		{5179C417-2625-4D7C-AF18-9C931ED9333B}.Debug|Any CPU.Build.0 = Debug|Any CPU
		{5179C417-2625-4D7C-AF18-9C931ED9333B}.Release|Any CPU.ActiveCfg = Release|Any CPU
		{5179C417-2625-4D7C-AF18-9C931ED9333B}.Release|Any CPU.Build.0 = Release|Any CPU
		{35C1753F-D6B7-4701-90C6-9C4EC4094191}.Debug|Any CPU.ActiveCfg = Debug|Any CPU
		{35C1753F-D6B7-4701-90C6-9C4EC4094191}.Debug|Any CPU.Build.0 = Debug|Any CPU
		{35C1753F-D6B7-4701-90C6-9C4EC4094191}.Release|Any CPU.ActiveCfg = Release|Any CPU
		{35C1753F-D6B7-4701-90C6-9C4EC4094191}.Release|Any CPU.Build.0 = Release|Any CPU
		{702306CE-D910-468C-95FD-6E01773801F0}.Debug|Any CPU.ActiveCfg = Debug|Any CPU
		{702306CE-D910-468C-95FD-6E01773801F0}.Debug|Any CPU.Build.0 = Debug|Any CPU
		{702306CE-D910-468C-95FD-6E01773801F0}.Release|Any CPU.ActiveCfg = Release|Any CPU
		{702306CE-D910-468C-95FD-6E01773801F0}.Release|Any CPU.Build.0 = Release|Any CPU
		{22A699B9-B07F-4F8E-BFA8-6199E346D7D0}.Debug|Any CPU.ActiveCfg = Debug|Any CPU
		{22A699B9-B07F-4F8E-BFA8-6199E346D7D0}.Debug|Any CPU.Build.0 = Debug|Any CPU
		{22A699B9-B07F-4F8E-BFA8-6199E346D7D0}.Release|Any CPU.ActiveCfg = Release|Any CPU
		{22A699B9-B07F-4F8E-BFA8-6199E346D7D0}.Release|Any CPU.Build.0 = Release|Any CPU
		{CDCAD1DD-527A-42A9-B8D0-E3262EB7E0EE}.Debug|Any CPU.ActiveCfg = Debug|Any CPU
		{CDCAD1DD-527A-42A9-B8D0-E3262EB7E0EE}.Debug|Any CPU.Build.0 = Debug|Any CPU
		{CDCAD1DD-527A-42A9-B8D0-E3262EB7E0EE}.Release|Any CPU.ActiveCfg = Release|Any CPU
		{CDCAD1DD-527A-42A9-B8D0-E3262EB7E0EE}.Release|Any CPU.Build.0 = Release|Any CPU
		{DCF9486F-7663-488D-B24F-43665A854628}.Debug|Any CPU.ActiveCfg = Debug|Any CPU
		{DCF9486F-7663-488D-B24F-43665A854628}.Debug|Any CPU.Build.0 = Debug|Any CPU
		{DCF9486F-7663-488D-B24F-43665A854628}.Release|Any CPU.ActiveCfg = Release|Any CPU
		{DCF9486F-7663-488D-B24F-43665A854628}.Release|Any CPU.Build.0 = Release|Any CPU
		{F5840655-BE55-4BFF-A67F-C7363E0EF5EE}.Debug|Any CPU.ActiveCfg = Debug|Any CPU
		{F5840655-BE55-4BFF-A67F-C7363E0EF5EE}.Debug|Any CPU.Build.0 = Debug|Any CPU
		{F5840655-BE55-4BFF-A67F-C7363E0EF5EE}.Release|Any CPU.ActiveCfg = Release|Any CPU
		{F5840655-BE55-4BFF-A67F-C7363E0EF5EE}.Release|Any CPU.Build.0 = Release|Any CPU
		{1CA776E4-5C7B-4A2B-AF1E-524965FDEDB0}.Debug|Any CPU.ActiveCfg = Debug|Any CPU
		{1CA776E4-5C7B-4A2B-AF1E-524965FDEDB0}.Debug|Any CPU.Build.0 = Debug|Any CPU
		{1CA776E4-5C7B-4A2B-AF1E-524965FDEDB0}.Release|Any CPU.ActiveCfg = Release|Any CPU
		{1CA776E4-5C7B-4A2B-AF1E-524965FDEDB0}.Release|Any CPU.Build.0 = Release|Any CPU
		{80292229-DDE6-4627-AB29-B00AB838F3C1}.Debug|Any CPU.ActiveCfg = Debug|Any CPU
		{80292229-DDE6-4627-AB29-B00AB838F3C1}.Debug|Any CPU.Build.0 = Debug|Any CPU
		{80292229-DDE6-4627-AB29-B00AB838F3C1}.Release|Any CPU.ActiveCfg = Release|Any CPU
		{80292229-DDE6-4627-AB29-B00AB838F3C1}.Release|Any CPU.Build.0 = Release|Any CPU
		{301B7941-14C4-43B9-B83A-1E030F9B8820}.Debug|Any CPU.ActiveCfg = Debug|Any CPU
		{301B7941-14C4-43B9-B83A-1E030F9B8820}.Debug|Any CPU.Build.0 = Debug|Any CPU
		{301B7941-14C4-43B9-B83A-1E030F9B8820}.Release|Any CPU.ActiveCfg = Release|Any CPU
		{301B7941-14C4-43B9-B83A-1E030F9B8820}.Release|Any CPU.Build.0 = Release|Any CPU
		{EA6926D7-AD95-4BF2-9522-023372C83164}.Debug|Any CPU.ActiveCfg = Debug|Any CPU
		{EA6926D7-AD95-4BF2-9522-023372C83164}.Debug|Any CPU.Build.0 = Debug|Any CPU
		{EA6926D7-AD95-4BF2-9522-023372C83164}.Release|Any CPU.ActiveCfg = Release|Any CPU
		{EA6926D7-AD95-4BF2-9522-023372C83164}.Release|Any CPU.Build.0 = Release|Any CPU
		{13E8ED2F-8648-4ED0-B2FC-9B59043BCF21}.Debug|Any CPU.ActiveCfg = Debug|Any CPU
		{13E8ED2F-8648-4ED0-B2FC-9B59043BCF21}.Debug|Any CPU.Build.0 = Debug|Any CPU
		{13E8ED2F-8648-4ED0-B2FC-9B59043BCF21}.Release|Any CPU.ActiveCfg = Release|Any CPU
		{13E8ED2F-8648-4ED0-B2FC-9B59043BCF21}.Release|Any CPU.Build.0 = Release|Any CPU
	EndGlobalSection
	GlobalSection(SolutionProperties) = preSolution
		HideSolutionNode = FALSE
	EndGlobalSection
	GlobalSection(ExtensibilityGlobals) = postSolution
		SolutionGuid = {EFF0E7D7-0923-4469-9A55-478AF18C469F}
	EndGlobalSection
EndGlobal
