
Microsoft Visual Studio Solution File, Format Version 12.00
# Visual Studio Version 17
VisualStudioVersion = 17.10.35122.118
MinimumVisualStudioVersion = 10.0.40219.1
Project("{FAE04EC0-301F-11D3-BF4B-00C04F79EFBC}") = "AdventOfCode2024.Day1", "AdventOfCode2024.Day1\AdventOfCode2024.Day1.csproj", "{ECA40E3F-344A-43C5-BDE8-9CB02122ABED}"
EndProject
Project("{FAE04EC0-301F-11D3-BF4B-00C04F79EFBC}") = "AdventOfCode2024.Day2", "AdventOfCode2024.Day2\AdventOfCode2024.Day2.csproj", "{6805E9A0-E0F6-4411-A114-88BB76B2CC18}"
EndProject
Global
	GlobalSection(SolutionConfigurationPlatforms) = preSolution
		Debug|Any CPU = Debug|Any CPU
		Release|Any CPU = Release|Any CPU
	EndGlobalSection
	GlobalSection(ProjectConfigurationPlatforms) = postSolution
		{ECA40E3F-344A-43C5-BDE8-9CB02122ABED}.Debug|Any CPU.ActiveCfg = Debug|Any CPU
		{ECA40E3F-344A-43C5-BDE8-9CB02122ABED}.Debug|Any CPU.Build.0 = Debug|Any CPU
		{ECA40E3F-344A-43C5-BDE8-9CB02122ABED}.Release|Any CPU.ActiveCfg = Release|Any CPU
		{ECA40E3F-344A-43C5-BDE8-9CB02122ABED}.Release|Any CPU.Build.0 = Release|Any CPU
		{6805E9A0-E0F6-4411-A114-88BB76B2CC18}.Debug|Any CPU.ActiveCfg = Debug|Any CPU
		{6805E9A0-E0F6-4411-A114-88BB76B2CC18}.Debug|Any CPU.Build.0 = Debug|Any CPU
		{6805E9A0-E0F6-4411-A114-88BB76B2CC18}.Release|Any CPU.ActiveCfg = Release|Any CPU
		{6805E9A0-E0F6-4411-A114-88BB76B2CC18}.Release|Any CPU.Build.0 = Release|Any CPU
	EndGlobalSection
	GlobalSection(SolutionProperties) = preSolution
		HideSolutionNode = FALSE
	EndGlobalSection
	GlobalSection(ExtensibilityGlobals) = postSolution
		SolutionGuid = {EFF0E7D7-0923-4469-9A55-478AF18C469F}
	EndGlobalSection
EndGlobal
